
Microsoft Visual Studio Solution File, Format Version 12.00
# Visual Studio Version 16
VisualStudioVersion = 16.0.31129.286
MinimumVisualStudioVersion = 10.0.40219.1
Project("{FAE04EC0-301F-11D3-BF4B-00C04F79EFBC}") = "C learning thing", "C learning thing\C learning thing.csproj", "{F83E0579-E83B-49D7-A5A7-5DD1EAB3E16A}"
EndProject
Global
	GlobalSection(SolutionConfigurationPlatforms) = preSolution
		Debug|Any CPU = Debug|Any CPU
		Release|Any CPU = Release|Any CPU
	EndGlobalSection
	GlobalSection(ProjectConfigurationPlatforms) = postSolution
		{F83E0579-E83B-49D7-A5A7-5DD1EAB3E16A}.Debug|Any CPU.ActiveCfg = Debug|Any CPU
		{F83E0579-E83B-49D7-A5A7-5DD1EAB3E16A}.Debug|Any CPU.Build.0 = Debug|Any CPU
		{F83E0579-E83B-49D7-A5A7-5DD1EAB3E16A}.Release|Any CPU.ActiveCfg = Release|Any CPU
		{F83E0579-E83B-49D7-A5A7-5DD1EAB3E16A}.Release|Any CPU.Build.0 = Release|Any CPU
	EndGlobalSection
	GlobalSection(SolutionProperties) = preSolution
		HideSolutionNode = FALSE
	EndGlobalSection
	GlobalSection(ExtensibilityGlobals) = postSolution
		SolutionGuid = {B9E25D83-DA7D-4EC4-8E12-4439A974B351}
	EndGlobalSection
EndGlobal
